
Microsoft Visual Studio Solution File, Format Version 12.00
# Visual Studio 15
Project("{FAE04EC0-301F-11D3-BF4B-00C04F79EFBC}") = "Unity.Timeline", "Unity.Timeline.csproj", "{F98DBEB5-C00D-581F-EFAF-28D0923F8300}"
EndProject
Project("{FAE04EC0-301F-11D3-BF4B-00C04F79EFBC}") = "Unity.RenderPipelines.GPUDriven.Runtime", "Unity.RenderPipelines.GPUDriven.Runtime.csproj", "{8BD27CCD-75DF-A167-B13C-400C94C0FD84}"
EndProject
Project("{FAE04EC0-301F-11D3-BF4B-00C04F79EFBC}") = "Unity.2D.Aseprite.Editor", "Unity.2D.Aseprite.Editor.csproj", "{996C2426-705D-8CEE-4479-C93DDA74AF84}"
EndProject
Project("{FAE04EC0-301F-11D3-BF4B-00C04F79EFBC}") = "Unity.ShaderGraph.Editor", "Unity.ShaderGraph.Editor.csproj", "{BB5331A0-F52C-5F8A-37F0-F832AD79AFD6}"
EndProject
Project("{FAE04EC0-301F-11D3-BF4B-00C04F79EFBC}") = "Unity.PlasticSCM.Editor", "Unity.PlasticSCM.Editor.csproj", "{1A47FF10-8097-7A9F-A9C1-840624986F95}"
EndProject
Project("{FAE04EC0-301F-11D3-BF4B-00C04F79EFBC}") = "Unity.RenderPipelines.Core.Runtime", "Unity.RenderPipelines.Core.Runtime.csproj", "{606C18E4-B92B-A935-8CCB-9E64DE2A710B}"
EndProject
Project("{FAE04EC0-301F-11D3-BF4B-00C04F79EFBC}") = "Unity.Mathematics", "Unity.Mathematics.csproj", "{0C5ED0B5-9413-06F8-15B4-CEAF32EF48C1}"
EndProject
Project("{FAE04EC0-301F-11D3-BF4B-00C04F79EFBC}") = "Unity.Timeline.Editor", "Unity.Timeline.Editor.csproj", "{D8B23D9C-8BB9-38B2-FDF4-0F7C75833015}"
EndProject
Project("{FAE04EC0-301F-11D3-BF4B-00C04F79EFBC}") = "Unity.RenderPipelines.Core.Editor", "Unity.RenderPipelines.Core.Editor.csproj", "{818B5A04-2E20-F401-13FA-E86535FFD341}"
EndProject
Project("{FAE04EC0-301F-11D3-BF4B-00C04F79EFBC}") = "Unity.Collections", "Unity.Collections.csproj", "{25DE4A48-9595-6151-FB00-CD6B1E6B3494}"
EndProject
Project("{FAE04EC0-301F-11D3-BF4B-00C04F79EFBC}") = "UnityEngine.UI", "UnityEngine.UI.csproj", "{2C8D72E7-BF06-6B9A-1C37-487D759F3716}"
EndProject
Project("{FAE04EC0-301F-11D3-BF4B-00C04F79EFBC}") = "Unity.2D.IK.Runtime", "Unity.2D.IK.Runtime.csproj", "{D4667FC7-7D25-5407-3FCA-55D9797BDEDF}"
EndProject
Project("{FAE04EC0-301F-11D3-BF4B-00C04F79EFBC}") = "Unity.RenderPipelines.Universal.2D.Runtime", "Unity.RenderPipelines.Universal.2D.Runtime.csproj", "{452F4D32-AA2F-5E3A-EDD0-2DA4B2036D31}"
EndProject
Project("{FAE04EC0-301F-11D3-BF4B-00C04F79EFBC}") = "Unity.2D.Psdimporter.Editor", "Unity.2D.Psdimporter.Editor.csproj", "{6C85EBE8-49ED-8A92-CDE2-1E26FC34EA54}"
EndProject
Project("{FAE04EC0-301F-11D3-BF4B-00C04F79EFBC}") = "Unity.VisualScripting.Core.Editor", "Unity.VisualScripting.Core.Editor.csproj", "{1654526D-D228-EEFA-BF3E-77BE84DC6656}"
EndProject
Project("{FAE04EC0-301F-11D3-BF4B-00C04F79EFBC}") = "Unity.RenderPipelines.Universal.Editor", "Unity.RenderPipelines.Universal.Editor.csproj", "{D2128E9F-BE3E-2325-4126-131D5DAB32FA}"
EndProject
Project("{FAE04EC0-301F-11D3-BF4B-00C04F79EFBC}") = "Unity.PerformanceTesting.Editor", "Unity.PerformanceTesting.Editor.csproj", "{58A2E4C4-B8D5-73F1-BC47-FE82A99F7E2E}"
EndProject
Project("{FAE04EC0-301F-11D3-BF4B-00C04F79EFBC}") = "UnityEngine.TestRunner", "UnityEngine.TestRunner.csproj", "{EE758B89-23BA-D683-D559-79499E5BB2FB}"
EndProject
Project("{FAE04EC0-301F-11D3-BF4B-00C04F79EFBC}") = "Unity.2D.Tilemap.Editor", "Unity.2D.Tilemap.Editor.csproj", "{112AEADB-D692-22C7-DDA4-EE2F7B721A7E}"
EndProject
Project("{FAE04EC0-301F-11D3-BF4B-00C04F79EFBC}") = "Unity.Burst", "Unity.Burst.csproj", "{1DB39D79-7501-E4B6-966B-6776EB0CD80F}"
EndProject
Project("{FAE04EC0-301F-11D3-BF4B-00C04F79EFBC}") = "Unity.VisualScripting.Flow.Editor", "Unity.VisualScripting.Flow.Editor.csproj", "{8458E2EF-F79B-1DFC-0F2B-D0C95737436B}"
EndProject
Project("{FAE04EC0-301F-11D3-BF4B-00C04F79EFBC}") = "Unity.2D.SpriteShape.Editor", "Unity.2D.SpriteShape.Editor.csproj", "{598B7B2E-2C85-1456-233B-F5C468B48832}"
EndProject
Project("{FAE04EC0-301F-11D3-BF4B-00C04F79EFBC}") = "Unity.VisualStudio.Editor", "Unity.VisualStudio.Editor.csproj", "{C4133EEE-FAD0-4175-F206-5F5CCF9E5B8D}"
EndProject
Project("{FAE04EC0-301F-11D3-BF4B-00C04F79EFBC}") = "Unity.InputSystem", "Unity.InputSystem.csproj", "{2A40CD83-7A17-7A24-00E3-D963357FA39B}"
EndProject
Project("{FAE04EC0-301F-11D3-BF4B-00C04F79EFBC}") = "PPv2URPConverters", "PPv2URPConverters.csproj", "{24ABA7AC-276B-87A1-C4DF-631FE28AB95A}"
EndProject
Project("{FAE04EC0-301F-11D3-BF4B-00C04F79EFBC}") = "Unity.2D.Animation.Editor", "Unity.2D.Animation.Editor.csproj", "{4248019C-2324-2307-8F8E-B4BB3144B22A}"
EndProject
Project("{FAE04EC0-301F-11D3-BF4B-00C04F79EFBC}") = "Unity.Searcher.Editor", "Unity.Searcher.Editor.csproj", "{844BDAD9-7AEA-FA5A-7908-4BCF793B7D23}"
EndProject
Project("{FAE04EC0-301F-11D3-BF4B-00C04F79EFBC}") = "Unity.2D.SpriteShape.Runtime", "Unity.2D.SpriteShape.Runtime.csproj", "{29286CEF-BABE-3D76-D823-9C48A9F2FA29}"
EndProject
Project("{FAE04EC0-301F-11D3-BF4B-00C04F79EFBC}") = "UnityEditor.TestRunner", "UnityEditor.TestRunner.csproj", "{0A16C268-025D-6B59-DC7E-8D2094AD8817}"
EndProject
Project("{FAE04EC0-301F-11D3-BF4B-00C04F79EFBC}") = "Unity.VisualScripting.Core", "Unity.VisualScripting.Core.csproj", "{0D341226-EF9E-2347-8C71-6908F6B61663}"
EndProject
Project("{FAE04EC0-301F-11D3-BF4B-00C04F79EFBC}") = "Unity.RenderPipelines.Universal.Runtime", "Unity.RenderPipelines.Universal.Runtime.csproj", "{05635571-C1A6-637E-7730-0DBE033206E2}"
EndProject
Project("{FAE04EC0-301F-11D3-BF4B-00C04F79EFBC}") = "Unity.VisualScripting.State.Editor", "Unity.VisualScripting.State.Editor.csproj", "{AB8AF4F7-CECC-F56F-FFEF-0550F919E3C7}"
EndProject
Project("{FAE04EC0-301F-11D3-BF4B-00C04F79EFBC}") = "Unity.Burst.CodeGen", "Unity.Burst.CodeGen.csproj", "{2353FDFF-D55E-E639-E823-DD8D3B1943D4}"
EndProject
Project("{FAE04EC0-301F-11D3-BF4B-00C04F79EFBC}") = "Unity.VisualScripting.Flow", "Unity.VisualScripting.Flow.csproj", "{78F0D761-F922-94EA-E4AA-276F8678A69C}"
EndProject
Project("{FAE04EC0-301F-11D3-BF4B-00C04F79EFBC}") = "Unity.Rendering.LightTransport.Runtime", "Unity.Rendering.LightTransport.Runtime.csproj", "{1354C06F-6906-E4BB-F6E3-6E1BEF8AEE5E}"
EndProject
Project("{FAE04EC0-301F-11D3-BF4B-00C04F79EFBC}") = "Unity.PerformanceTesting", "Unity.PerformanceTesting.csproj", "{489B2606-3317-4B95-003E-99F8350DDC40}"
EndProject
Project("{FAE04EC0-301F-11D3-BF4B-00C04F79EFBC}") = "Unity.2D.Tilemap.Extras.Editor", "Unity.2D.Tilemap.Extras.Editor.csproj", "{E4B46A12-2336-E68A-BD9D-65B32084EF1B}"
EndProject
Project("{FAE04EC0-301F-11D3-BF4B-00C04F79EFBC}") = "Unity.TextMeshPro", "Unity.TextMeshPro.csproj", "{4FEE8E5B-BE89-082C-5935-382C2C571BAC}"
EndProject
Project("{FAE04EC0-301F-11D3-BF4B-00C04F79EFBC}") = "Unity.TextMeshPro.Editor", "Unity.TextMeshPro.Editor.csproj", "{1FB76473-1101-EAD0-E6B6-0C560C717F7C}"
EndProject
Project("{FAE04EC0-301F-11D3-BF4B-00C04F79EFBC}") = "PsdPlugin", "PsdPlugin.csproj", "{C3E34BBE-6767-AA2E-0AF5-ECE44A6DAE2E}"
EndProject
Project("{FAE04EC0-301F-11D3-BF4B-00C04F79EFBC}") = "Unity.2D.IK.Editor", "Unity.2D.IK.Editor.csproj", "{6229200A-1F3F-960B-0E09-20FBA95DB08D}"
EndProject
Project("{FAE04EC0-301F-11D3-BF4B-00C04F79EFBC}") = "Unity.InternalAPIEngineBridge.001", "Unity.InternalAPIEngineBridge.001.csproj", "{6F1E0BC2-4D3D-0562-28D3-2C7B9E52EA99}"
EndProject
Project("{FAE04EC0-301F-11D3-BF4B-00C04F79EFBC}") = "Unity.2D.Aseprite.Common", "Unity.2D.Aseprite.Common.csproj", "{5DA47D98-8A51-D095-1C5C-4F5F79F610E4}"
EndProject
Project("{FAE04EC0-301F-11D3-BF4B-00C04F79EFBC}") = "Unity.Burst.Editor", "Unity.Burst.Editor.csproj", "{C1B9D8DC-196E-3026-9A32-6097D5BDA4BE}"
EndProject
Project("{FAE04EC0-301F-11D3-BF4B-00C04F79EFBC}") = "Unity.2D.Common.Path.Editor", "Unity.2D.Common.Path.Editor.csproj", "{3FC0B967-EBD5-C308-E862-1BABACAB3EAC}"
EndProject
Project("{FAE04EC0-301F-11D3-BF4B-00C04F79EFBC}") = "Unity.2D.Common.Editor", "Unity.2D.Common.Editor.csproj", "{860FE51D-AE8F-2E0D-4CB5-DFE4177A55D6}"
EndProject
Project("{FAE04EC0-301F-11D3-BF4B-00C04F79EFBC}") = "Unity.Rider.Editor", "Unity.Rider.Editor.csproj", "{5BB100AA-72E7-C054-C1BD-2504082FB010}"
EndProject
Project("{FAE04EC0-301F-11D3-BF4B-00C04F79EFBC}") = "Unity.VisualScripting.State", "Unity.VisualScripting.State.csproj", "{3453F1E5-AC6C-F460-9737-B9A8AB8CC67A}"
EndProject
Project("{FAE04EC0-301F-11D3-BF4B-00C04F79EFBC}") = "UnityEditor.UI", "UnityEditor.UI.csproj", "{842ACD40-EAD7-8D84-31BB-CCFE513C64B7}"
EndProject
Project("{FAE04EC0-301F-11D3-BF4B-00C04F79EFBC}") = "Assembly-CSharp", "Assembly-CSharp.csproj", "{32E19478-13DD-2D96-2F0C-3068FC3D272B}"
EndProject
Project("{FAE04EC0-301F-11D3-BF4B-00C04F79EFBC}") = "Unity.2D.PixelPerfect.Editor", "Unity.2D.PixelPerfect.Editor.csproj", "{FB66D786-6170-7C11-4EB5-273523D22337}"
EndProject
Project("{FAE04EC0-301F-11D3-BF4B-00C04F79EFBC}") = "Unity.2D.Sprite.Editor", "Unity.2D.Sprite.Editor.csproj", "{0591CF05-9F9C-BCF3-1D75-6BEB1A9D76A8}"
EndProject
Project("{FAE04EC0-301F-11D3-BF4B-00C04F79EFBC}") = "Unity.InputSystem.ForUI", "Unity.InputSystem.ForUI.csproj", "{3AA00A73-4C46-E915-ED7C-DC86064DBDC9}"
EndProject
Project("{FAE04EC0-301F-11D3-BF4B-00C04F79EFBC}") = "Unity.Collections.CodeGen", "Unity.Collections.CodeGen.csproj", "{562DF92E-933A-AD1E-F4AE-39A756934060}"
EndProject
Project("{FAE04EC0-301F-11D3-BF4B-00C04F79EFBC}") = "Unity.2D.Tilemap.Extras", "Unity.2D.Tilemap.Extras.csproj", "{B0D63E4B-9CBA-66B3-04B0-4E3414A46CED}"
EndProject
Project("{FAE04EC0-301F-11D3-BF4B-00C04F79EFBC}") = "Unity.2D.Animation.Runtime", "Unity.2D.Animation.Runtime.csproj", "{2E0A9461-9F5D-D7B2-8178-FA302C5B4CA1}"
EndProject
Project("{FAE04EC0-301F-11D3-BF4B-00C04F79EFBC}") = "Unity.Mathematics.Editor", "Unity.Mathematics.Editor.csproj", "{43913585-A5DA-093C-8FB1-6C6D5233BD1C}"
EndProject
Project("{FAE04EC0-301F-11D3-BF4B-00C04F79EFBC}") = "Unity.VisualScripting.SettingsProvider.Editor", "Unity.VisualScripting.SettingsProvider.Editor.csproj", "{22960539-5F63-73E7-55B1-17D200EB25C6}"
EndProject
Project("{FAE04EC0-301F-11D3-BF4B-00C04F79EFBC}") = "Unity.InputSystem.TestFramework", "Unity.InputSystem.TestFramework.csproj", "{71C53B2E-4385-E7DA-AE7C-11C9ECD7E178}"
EndProject
Project("{FAE04EC0-301F-11D3-BF4B-00C04F79EFBC}") = "Unity.ShaderGraph.Utilities", "Unity.ShaderGraph.Utilities.csproj", "{0246A333-EAB4-30AB-9170-F0B452CE6D4F}"
EndProject
Project("{FAE04EC0-301F-11D3-BF4B-00C04F79EFBC}") = "Unity.InternalAPIEditorBridge.001", "Unity.InternalAPIEditorBridge.001.csproj", "{14B70701-1986-270A-C0FE-74FB57C10305}"
EndProject
Project("{FAE04EC0-301F-11D3-BF4B-00C04F79EFBC}") = "Unity.VisualScripting.Shared.Editor", "Unity.VisualScripting.Shared.Editor.csproj", "{E676A883-4BF6-7A2A-FADA-B2C81BB5C4CF}"
EndProject
Project("{FAE04EC0-301F-11D3-BF4B-00C04F79EFBC}") = "Unity.RenderPipeline.Universal.ShaderLibrary", "Unity.RenderPipeline.Universal.ShaderLibrary.csproj", "{135D5940-0FA3-8AAE-976A-47572420B346}"
EndProject
Project("{FAE04EC0-301F-11D3-BF4B-00C04F79EFBC}") = "Unity.2D.Common.Runtime", "Unity.2D.Common.Runtime.csproj", "{F3A6AB6D-0F36-5F55-C19B-8675386370B8}"
EndProject
Project("{FAE04EC0-301F-11D3-BF4B-00C04F79EFBC}") = "Unity.2D.PixelPerfect", "Unity.2D.PixelPerfect.csproj", "{107A4E8E-3B4C-1B50-DC87-9D2D83C208BC}"
EndProject
Project("{FAE04EC0-301F-11D3-BF4B-00C04F79EFBC}") = "Unity.CollabProxy.Editor", "Unity.CollabProxy.Editor.csproj", "{DA1FF859-B36F-4A04-D200-86ECA1C19A24}"
EndProject
Project("{FAE04EC0-301F-11D3-BF4B-00C04F79EFBC}") = "Unity.RenderPipelines.Universal.Shaders", "Unity.RenderPipelines.Universal.Shaders.csproj", "{28B260DE-F44B-514F-C261-AD017C932592}"
EndProject
Project("{FAE04EC0-301F-11D3-BF4B-00C04F79EFBC}") = "Unity.RenderPipelines.Core.Runtime.Shared", "Unity.RenderPipelines.Core.Runtime.Shared.csproj", "{19E6D661-E227-6896-E7CE-F4D9A75B1E86}"
EndProject
Project("{FAE04EC0-301F-11D3-BF4B-00C04F79EFBC}") = "ScriptablePacker", "ScriptablePacker.csproj", "{27AF20C0-3E0E-73C7-0E52-4297D268CAFE}"
EndProject
Project("{FAE04EC0-301F-11D3-BF4B-00C04F79EFBC}") = "Unity.Rendering.LightTransport.Editor", "Unity.Rendering.LightTransport.Editor.csproj", "{B85D314F-E701-3265-51B0-FAE7CAE6A7A9}"
EndProject
Project("{FAE04EC0-301F-11D3-BF4B-00C04F79EFBC}") = "Unity.Collections.Editor", "Unity.Collections.Editor.csproj", "{C0AD2DEF-702B-7DAE-A584-20FA38DDF607}"
EndProject
Project("{FAE04EC0-301F-11D3-BF4B-00C04F79EFBC}") = "Unity.RenderPipelines.Universal.Config.Runtime", "Unity.RenderPipelines.Universal.Config.Runtime.csproj", "{0DD76463-B203-E967-54D0-F812EB5E525D}"
EndProject
Project("{FAE04EC0-301F-11D3-BF4B-00C04F79EFBC}") = "Unity.RenderPipelines.ShaderGraph.ShaderGraphLibrary", "Unity.RenderPipelines.ShaderGraph.ShaderGraphLibrary.csproj", "{B4F7CBED-8CFB-227C-6957-97EDE9F40D20}"
EndProject
Project("{FAE04EC0-301F-11D3-BF4B-00C04F79EFBC}") = "Unity.RenderPipelines.Core.ShaderLibrary", "Unity.RenderPipelines.Core.ShaderLibrary.csproj", "{54267006-79C2-1D21-F807-45612BC010BB}"
EndProject
Project("{FAE04EC0-301F-11D3-BF4B-00C04F79EFBC}") = "Unity.RenderPipelines.Core.Editor.Shared", "Unity.RenderPipelines.Core.Editor.Shared.csproj", "{BDE4C0E2-9E19-EC72-02C6-09C62008520E}"
EndProject
Project("{FAE04EC0-301F-11D3-BF4B-00C04F79EFBC}") = "Unity.Timeline", "Unity.Timeline.Player.csproj", "{0D69B210-43DD-A42A-E1BC-937AA58423DA}"
EndProject
Project("{FAE04EC0-301F-11D3-BF4B-00C04F79EFBC}") = "Unity.RenderPipelines.GPUDriven.Runtime", "Unity.RenderPipelines.GPUDriven.Runtime.Player.csproj", "{9F7D6720-0934-10D3-B1B7-8126C3A1CCDF}"
EndProject
Project("{FAE04EC0-301F-11D3-BF4B-00C04F79EFBC}") = "Unity.RenderPipelines.Core.Runtime", "Unity.RenderPipelines.Core.Runtime.Player.csproj", "{948E3778-246A-4489-A6F3-55D992AFFC4B}"
EndProject
Project("{FAE04EC0-301F-11D3-BF4B-00C04F79EFBC}") = "Unity.Mathematics", "Unity.Mathematics.Player.csproj", "{68F22975-F64C-3346-899A-0F9DA5A8A2A6}"
EndProject
Project("{FAE04EC0-301F-11D3-BF4B-00C04F79EFBC}") = "Unity.Collections", "Unity.Collections.Player.csproj", "{E19DE8CF-D157-7F06-6BC5-BC804C66175A}"
EndProject
Project("{FAE04EC0-301F-11D3-BF4B-00C04F79EFBC}") = "UnityEngine.UI", "UnityEngine.UI.Player.csproj", "{812E97A2-CB3A-EE8C-841A-B59AD9F8EBA7}"
EndProject
Project("{FAE04EC0-301F-11D3-BF4B-00C04F79EFBC}") = "Unity.2D.IK.Runtime", "Unity.2D.IK.Runtime.Player.csproj", "{11B84F7A-1387-2B2E-02F7-A918207251CA}"
EndProject
Project("{FAE04EC0-301F-11D3-BF4B-00C04F79EFBC}") = "Unity.RenderPipelines.Universal.2D.Runtime", "Unity.RenderPipelines.Universal.2D.Runtime.Player.csproj", "{A8AC47B9-12EC-05E0-D381-F1DD38DC76F5}"
EndProject
Project("{FAE04EC0-301F-11D3-BF4B-00C04F79EFBC}") = "UnityEngine.TestRunner", "UnityEngine.TestRunner.Player.csproj", "{ACEC4733-8D80-DDFA-5E4D-9808141849F8}"
EndProject
Project("{FAE04EC0-301F-11D3-BF4B-00C04F79EFBC}") = "Unity.Burst", "Unity.Burst.Player.csproj", "{A75812A1-163B-AA3A-AE97-65AFD46482FA}"
EndProject
Project("{FAE04EC0-301F-11D3-BF4B-00C04F79EFBC}") = "Unity.InputSystem", "Unity.InputSystem.Player.csproj", "{B64FD62A-000B-B17E-E4A7-63793BBB0D10}"
EndProject
Project("{FAE04EC0-301F-11D3-BF4B-00C04F79EFBC}") = "Unity.2D.SpriteShape.Runtime", "Unity.2D.SpriteShape.Runtime.Player.csproj", "{AE4CADE2-0678-33F6-4DAA-54B92E9C107C}"
EndProject
Project("{FAE04EC0-301F-11D3-BF4B-00C04F79EFBC}") = "Unity.VisualScripting.Core", "Unity.VisualScripting.Core.Player.csproj", "{BF920A9E-2E69-87D2-FAEC-419D92216213}"
EndProject
Project("{FAE04EC0-301F-11D3-BF4B-00C04F79EFBC}") = "Unity.RenderPipelines.Universal.Runtime", "Unity.RenderPipelines.Universal.Runtime.Player.csproj", "{068D6D40-16F9-9245-0A86-991BDDC04F86}"
EndProject
Project("{FAE04EC0-301F-11D3-BF4B-00C04F79EFBC}") = "Unity.VisualScripting.Flow", "Unity.VisualScripting.Flow.Player.csproj", "{1D86D27D-1B2A-9FCC-AF18-5847125F7284}"
EndProject
Project("{FAE04EC0-301F-11D3-BF4B-00C04F79EFBC}") = "Unity.Rendering.LightTransport.Runtime", "Unity.Rendering.LightTransport.Runtime.Player.csproj", "{954F9BE8-011D-5739-0A44-686EE343C895}"
EndProject
Project("{FAE04EC0-301F-11D3-BF4B-00C04F79EFBC}") = "Unity.PerformanceTesting", "Unity.PerformanceTesting.Player.csproj", "{9B41D504-62C2-4D4E-445D-ACA1EA0E068C}"
EndProject
Project("{FAE04EC0-301F-11D3-BF4B-00C04F79EFBC}") = "Unity.TextMeshPro", "Unity.TextMeshPro.Player.csproj", "{FEEEA3CB-E55A-5AE8-11D8-1BD62CB6DBD5}"
EndProject
Project("{FAE04EC0-301F-11D3-BF4B-00C04F79EFBC}") = "Unity.InternalAPIEngineBridge.001", "Unity.InternalAPIEngineBridge.001.Player.csproj", "{15887A35-3193-3765-83C1-680E594C7694}"
EndProject
Project("{FAE04EC0-301F-11D3-BF4B-00C04F79EFBC}") = "Unity.VisualScripting.State", "Unity.VisualScripting.State.Player.csproj", "{29429F58-91F0-6978-6BEC-811FEA54CDE6}"
EndProject
Project("{FAE04EC0-301F-11D3-BF4B-00C04F79EFBC}") = "Assembly-CSharp", "Assembly-CSharp.Player.csproj", "{8A4C966F-85B3-D8F5-4412-AE9B66564080}"
EndProject
Project("{FAE04EC0-301F-11D3-BF4B-00C04F79EFBC}") = "Unity.InputSystem.ForUI", "Unity.InputSystem.ForUI.Player.csproj", "{F04AADE5-2A55-10DB-CDAB-3C63FD5584A8}"
EndProject
Project("{FAE04EC0-301F-11D3-BF4B-00C04F79EFBC}") = "Unity.2D.Tilemap.Extras", "Unity.2D.Tilemap.Extras.Player.csproj", "{575C1DAC-3FB4-D5D9-B444-7DD61ED9AAA7}"
EndProject
Project("{FAE04EC0-301F-11D3-BF4B-00C04F79EFBC}") = "Unity.2D.Animation.Runtime", "Unity.2D.Animation.Runtime.Player.csproj", "{88B43C22-8626-9C57-0A96-2C02EAEB89C9}"
EndProject
Project("{FAE04EC0-301F-11D3-BF4B-00C04F79EFBC}") = "Unity.InputSystem.TestFramework", "Unity.InputSystem.TestFramework.Player.csproj", "{C83F5651-A16B-70DE-4D58-BEEE1FC83264}"
EndProject
Project("{FAE04EC0-301F-11D3-BF4B-00C04F79EFBC}") = "Unity.RenderPipeline.Universal.ShaderLibrary", "Unity.RenderPipeline.Universal.ShaderLibrary.Player.csproj", "{77D31832-AE5F-6C42-3269-98971B22110E}"
EndProject
Project("{FAE04EC0-301F-11D3-BF4B-00C04F79EFBC}") = "Unity.2D.Common.Runtime", "Unity.2D.Common.Runtime.Player.csproj", "{422F7BA3-A82D-B2E2-5953-9422815788E2}"
EndProject
Project("{FAE04EC0-301F-11D3-BF4B-00C04F79EFBC}") = "Unity.2D.PixelPerfect", "Unity.2D.PixelPerfect.Player.csproj", "{72D5708B-FE84-660C-E2FB-D955574AE2C9}"
EndProject
Project("{FAE04EC0-301F-11D3-BF4B-00C04F79EFBC}") = "Unity.RenderPipelines.Universal.Shaders", "Unity.RenderPipelines.Universal.Shaders.Player.csproj", "{AF2E0458-27F0-8CA6-94D1-9348000185D2}"
EndProject
Project("{FAE04EC0-301F-11D3-BF4B-00C04F79EFBC}") = "Unity.RenderPipelines.Core.Runtime.Shared", "Unity.RenderPipelines.Core.Runtime.Shared.Player.csproj", "{3589B5AF-8041-A350-2D5A-3EDB385F1260}"
EndProject
Project("{FAE04EC0-301F-11D3-BF4B-00C04F79EFBC}") = "Unity.RenderPipelines.Universal.Config.Runtime", "Unity.RenderPipelines.Universal.Config.Runtime.Player.csproj", "{16E5F7B8-8493-69C0-F605-87CEC58F4926}"
EndProject
Project("{FAE04EC0-301F-11D3-BF4B-00C04F79EFBC}") = "Unity.RenderPipelines.ShaderGraph.ShaderGraphLibrary", "Unity.RenderPipelines.ShaderGraph.ShaderGraphLibrary.Player.csproj", "{F6DDEBED-2DE4-D22A-CBA8-746822C76525}"
EndProject
Project("{FAE04EC0-301F-11D3-BF4B-00C04F79EFBC}") = "Unity.RenderPipelines.Core.ShaderLibrary", "Unity.RenderPipelines.Core.ShaderLibrary.Player.csproj", "{A6D8CE43-7A62-B477-5850-9CC360D5B2C1}"
EndProject
Global
	GlobalSection(SolutionConfigurationPlatforms) = preSolution
		Debug|Any CPU = Debug|Any CPU
		Release|Any CPU = Release|Any CPU
	EndGlobalSection
	GlobalSection(ProjectConfigurationPlatforms) = postSolution
		{F98DBEB5-C00D-581F-EFAF-28D0923F8300}.Debug|Any CPU.ActiveCfg = Debug|Any CPU
		{F98DBEB5-C00D-581F-EFAF-28D0923F8300}.Debug|Any CPU.Build.0 = Debug|Any CPU
		{F98DBEB5-C00D-581F-EFAF-28D0923F8300}.Release|Any CPU.ActiveCfg = Release|Any CPU
		{F98DBEB5-C00D-581F-EFAF-28D0923F8300}.Release|Any CPU.Build.0 = Release|Any CPU
		{8BD27CCD-75DF-A167-B13C-400C94C0FD84}.Debug|Any CPU.ActiveCfg = Debug|Any CPU
		{8BD27CCD-75DF-A167-B13C-400C94C0FD84}.Debug|Any CPU.Build.0 = Debug|Any CPU
		{8BD27CCD-75DF-A167-B13C-400C94C0FD84}.Release|Any CPU.ActiveCfg = Release|Any CPU
		{8BD27CCD-75DF-A167-B13C-400C94C0FD84}.Release|Any CPU.Build.0 = Release|Any CPU
		{996C2426-705D-8CEE-4479-C93DDA74AF84}.Debug|Any CPU.ActiveCfg = Debug|Any CPU
		{996C2426-705D-8CEE-4479-C93DDA74AF84}.Debug|Any CPU.Build.0 = Debug|Any CPU
		{996C2426-705D-8CEE-4479-C93DDA74AF84}.Release|Any CPU.ActiveCfg = Release|Any CPU
		{996C2426-705D-8CEE-4479-C93DDA74AF84}.Release|Any CPU.Build.0 = Release|Any CPU
		{BB5331A0-F52C-5F8A-37F0-F832AD79AFD6}.Debug|Any CPU.ActiveCfg = Debug|Any CPU
		{BB5331A0-F52C-5F8A-37F0-F832AD79AFD6}.Debug|Any CPU.Build.0 = Debug|Any CPU
		{BB5331A0-F52C-5F8A-37F0-F832AD79AFD6}.Release|Any CPU.ActiveCfg = Release|Any CPU
		{BB5331A0-F52C-5F8A-37F0-F832AD79AFD6}.Release|Any CPU.Build.0 = Release|Any CPU
		{1A47FF10-8097-7A9F-A9C1-840624986F95}.Debug|Any CPU.ActiveCfg = Debug|Any CPU
		{1A47FF10-8097-7A9F-A9C1-840624986F95}.Debug|Any CPU.Build.0 = Debug|Any CPU
		{1A47FF10-8097-7A9F-A9C1-840624986F95}.Release|Any CPU.ActiveCfg = Release|Any CPU
		{1A47FF10-8097-7A9F-A9C1-840624986F95}.Release|Any CPU.Build.0 = Release|Any CPU
		{606C18E4-B92B-A935-8CCB-9E64DE2A710B}.Debug|Any CPU.ActiveCfg = Debug|Any CPU
		{606C18E4-B92B-A935-8CCB-9E64DE2A710B}.Debug|Any CPU.Build.0 = Debug|Any CPU
		{606C18E4-B92B-A935-8CCB-9E64DE2A710B}.Release|Any CPU.ActiveCfg = Release|Any CPU
		{606C18E4-B92B-A935-8CCB-9E64DE2A710B}.Release|Any CPU.Build.0 = Release|Any CPU
		{0C5ED0B5-9413-06F8-15B4-CEAF32EF48C1}.Debug|Any CPU.ActiveCfg = Debug|Any CPU
		{0C5ED0B5-9413-06F8-15B4-CEAF32EF48C1}.Debug|Any CPU.Build.0 = Debug|Any CPU
		{0C5ED0B5-9413-06F8-15B4-CEAF32EF48C1}.Release|Any CPU.ActiveCfg = Release|Any CPU
		{0C5ED0B5-9413-06F8-15B4-CEAF32EF48C1}.Release|Any CPU.Build.0 = Release|Any CPU
		{D8B23D9C-8BB9-38B2-FDF4-0F7C75833015}.Debug|Any CPU.ActiveCfg = Debug|Any CPU
		{D8B23D9C-8BB9-38B2-FDF4-0F7C75833015}.Debug|Any CPU.Build.0 = Debug|Any CPU
		{D8B23D9C-8BB9-38B2-FDF4-0F7C75833015}.Release|Any CPU.ActiveCfg = Release|Any CPU
		{D8B23D9C-8BB9-38B2-FDF4-0F7C75833015}.Release|Any CPU.Build.0 = Release|Any CPU
		{818B5A04-2E20-F401-13FA-E86535FFD341}.Debug|Any CPU.ActiveCfg = Debug|Any CPU
		{818B5A04-2E20-F401-13FA-E86535FFD341}.Debug|Any CPU.Build.0 = Debug|Any CPU
		{818B5A04-2E20-F401-13FA-E86535FFD341}.Release|Any CPU.ActiveCfg = Release|Any CPU
		{818B5A04-2E20-F401-13FA-E86535FFD341}.Release|Any CPU.Build.0 = Release|Any CPU
		{25DE4A48-9595-6151-FB00-CD6B1E6B3494}.Debug|Any CPU.ActiveCfg = Debug|Any CPU
		{25DE4A48-9595-6151-FB00-CD6B1E6B3494}.Debug|Any CPU.Build.0 = Debug|Any CPU
		{25DE4A48-9595-6151-FB00-CD6B1E6B3494}.Release|Any CPU.ActiveCfg = Release|Any CPU
		{25DE4A48-9595-6151-FB00-CD6B1E6B3494}.Release|Any CPU.Build.0 = Release|Any CPU
		{2C8D72E7-BF06-6B9A-1C37-487D759F3716}.Debug|Any CPU.ActiveCfg = Debug|Any CPU
		{2C8D72E7-BF06-6B9A-1C37-487D759F3716}.Debug|Any CPU.Build.0 = Debug|Any CPU
		{2C8D72E7-BF06-6B9A-1C37-487D759F3716}.Release|Any CPU.ActiveCfg = Release|Any CPU
		{2C8D72E7-BF06-6B9A-1C37-487D759F3716}.Release|Any CPU.Build.0 = Release|Any CPU
		{D4667FC7-7D25-5407-3FCA-55D9797BDEDF}.Debug|Any CPU.ActiveCfg = Debug|Any CPU
		{D4667FC7-7D25-5407-3FCA-55D9797BDEDF}.Debug|Any CPU.Build.0 = Debug|Any CPU
		{D4667FC7-7D25-5407-3FCA-55D9797BDEDF}.Release|Any CPU.ActiveCfg = Release|Any CPU
		{D4667FC7-7D25-5407-3FCA-55D9797BDEDF}.Release|Any CPU.Build.0 = Release|Any CPU
		{452F4D32-AA2F-5E3A-EDD0-2DA4B2036D31}.Debug|Any CPU.ActiveCfg = Debug|Any CPU
		{452F4D32-AA2F-5E3A-EDD0-2DA4B2036D31}.Debug|Any CPU.Build.0 = Debug|Any CPU
		{452F4D32-AA2F-5E3A-EDD0-2DA4B2036D31}.Release|Any CPU.ActiveCfg = Release|Any CPU
		{452F4D32-AA2F-5E3A-EDD0-2DA4B2036D31}.Release|Any CPU.Build.0 = Release|Any CPU
		{6C85EBE8-49ED-8A92-CDE2-1E26FC34EA54}.Debug|Any CPU.ActiveCfg = Debug|Any CPU
		{6C85EBE8-49ED-8A92-CDE2-1E26FC34EA54}.Debug|Any CPU.Build.0 = Debug|Any CPU
		{6C85EBE8-49ED-8A92-CDE2-1E26FC34EA54}.Release|Any CPU.ActiveCfg = Release|Any CPU
		{6C85EBE8-49ED-8A92-CDE2-1E26FC34EA54}.Release|Any CPU.Build.0 = Release|Any CPU
		{1654526D-D228-EEFA-BF3E-77BE84DC6656}.Debug|Any CPU.ActiveCfg = Debug|Any CPU
		{1654526D-D228-EEFA-BF3E-77BE84DC6656}.Debug|Any CPU.Build.0 = Debug|Any CPU
		{1654526D-D228-EEFA-BF3E-77BE84DC6656}.Release|Any CPU.ActiveCfg = Release|Any CPU
		{1654526D-D228-EEFA-BF3E-77BE84DC6656}.Release|Any CPU.Build.0 = Release|Any CPU
		{D2128E9F-BE3E-2325-4126-131D5DAB32FA}.Debug|Any CPU.ActiveCfg = Debug|Any CPU
		{D2128E9F-BE3E-2325-4126-131D5DAB32FA}.Debug|Any CPU.Build.0 = Debug|Any CPU
		{D2128E9F-BE3E-2325-4126-131D5DAB32FA}.Release|Any CPU.ActiveCfg = Release|Any CPU
		{D2128E9F-BE3E-2325-4126-131D5DAB32FA}.Release|Any CPU.Build.0 = Release|Any CPU
		{58A2E4C4-B8D5-73F1-BC47-FE82A99F7E2E}.Debug|Any CPU.ActiveCfg = Debug|Any CPU
		{58A2E4C4-B8D5-73F1-BC47-FE82A99F7E2E}.Debug|Any CPU.Build.0 = Debug|Any CPU
		{58A2E4C4-B8D5-73F1-BC47-FE82A99F7E2E}.Release|Any CPU.ActiveCfg = Release|Any CPU
		{58A2E4C4-B8D5-73F1-BC47-FE82A99F7E2E}.Release|Any CPU.Build.0 = Release|Any CPU
		{EE758B89-23BA-D683-D559-79499E5BB2FB}.Debug|Any CPU.ActiveCfg = Debug|Any CPU
		{EE758B89-23BA-D683-D559-79499E5BB2FB}.Debug|Any CPU.Build.0 = Debug|Any CPU
		{EE758B89-23BA-D683-D559-79499E5BB2FB}.Release|Any CPU.ActiveCfg = Release|Any CPU
		{EE758B89-23BA-D683-D559-79499E5BB2FB}.Release|Any CPU.Build.0 = Release|Any CPU
		{112AEADB-D692-22C7-DDA4-EE2F7B721A7E}.Debug|Any CPU.ActiveCfg = Debug|Any CPU
		{112AEADB-D692-22C7-DDA4-EE2F7B721A7E}.Debug|Any CPU.Build.0 = Debug|Any CPU
		{112AEADB-D692-22C7-DDA4-EE2F7B721A7E}.Release|Any CPU.ActiveCfg = Release|Any CPU
		{112AEADB-D692-22C7-DDA4-EE2F7B721A7E}.Release|Any CPU.Build.0 = Release|Any CPU
		{1DB39D79-7501-E4B6-966B-6776EB0CD80F}.Debug|Any CPU.ActiveCfg = Debug|Any CPU
		{1DB39D79-7501-E4B6-966B-6776EB0CD80F}.Debug|Any CPU.Build.0 = Debug|Any CPU
		{1DB39D79-7501-E4B6-966B-6776EB0CD80F}.Release|Any CPU.ActiveCfg = Release|Any CPU
		{1DB39D79-7501-E4B6-966B-6776EB0CD80F}.Release|Any CPU.Build.0 = Release|Any CPU
		{8458E2EF-F79B-1DFC-0F2B-D0C95737436B}.Debug|Any CPU.ActiveCfg = Debug|Any CPU
		{8458E2EF-F79B-1DFC-0F2B-D0C95737436B}.Debug|Any CPU.Build.0 = Debug|Any CPU
		{8458E2EF-F79B-1DFC-0F2B-D0C95737436B}.Release|Any CPU.ActiveCfg = Release|Any CPU
		{8458E2EF-F79B-1DFC-0F2B-D0C95737436B}.Release|Any CPU.Build.0 = Release|Any CPU
		{598B7B2E-2C85-1456-233B-F5C468B48832}.Debug|Any CPU.ActiveCfg = Debug|Any CPU
		{598B7B2E-2C85-1456-233B-F5C468B48832}.Debug|Any CPU.Build.0 = Debug|Any CPU
		{598B7B2E-2C85-1456-233B-F5C468B48832}.Release|Any CPU.ActiveCfg = Release|Any CPU
		{598B7B2E-2C85-1456-233B-F5C468B48832}.Release|Any CPU.Build.0 = Release|Any CPU
		{C4133EEE-FAD0-4175-F206-5F5CCF9E5B8D}.Debug|Any CPU.ActiveCfg = Debug|Any CPU
		{C4133EEE-FAD0-4175-F206-5F5CCF9E5B8D}.Debug|Any CPU.Build.0 = Debug|Any CPU
		{C4133EEE-FAD0-4175-F206-5F5CCF9E5B8D}.Release|Any CPU.ActiveCfg = Release|Any CPU
		{C4133EEE-FAD0-4175-F206-5F5CCF9E5B8D}.Release|Any CPU.Build.0 = Release|Any CPU
		{2A40CD83-7A17-7A24-00E3-D963357FA39B}.Debug|Any CPU.ActiveCfg = Debug|Any CPU
		{2A40CD83-7A17-7A24-00E3-D963357FA39B}.Debug|Any CPU.Build.0 = Debug|Any CPU
		{2A40CD83-7A17-7A24-00E3-D963357FA39B}.Release|Any CPU.ActiveCfg = Release|Any CPU
		{2A40CD83-7A17-7A24-00E3-D963357FA39B}.Release|Any CPU.Build.0 = Release|Any CPU
		{24ABA7AC-276B-87A1-C4DF-631FE28AB95A}.Debug|Any CPU.ActiveCfg = Debug|Any CPU
		{24ABA7AC-276B-87A1-C4DF-631FE28AB95A}.Debug|Any CPU.Build.0 = Debug|Any CPU
		{24ABA7AC-276B-87A1-C4DF-631FE28AB95A}.Release|Any CPU.ActiveCfg = Release|Any CPU
		{24ABA7AC-276B-87A1-C4DF-631FE28AB95A}.Release|Any CPU.Build.0 = Release|Any CPU
		{4248019C-2324-2307-8F8E-B4BB3144B22A}.Debug|Any CPU.ActiveCfg = Debug|Any CPU
		{4248019C-2324-2307-8F8E-B4BB3144B22A}.Debug|Any CPU.Build.0 = Debug|Any CPU
		{4248019C-2324-2307-8F8E-B4BB3144B22A}.Release|Any CPU.ActiveCfg = Release|Any CPU
		{4248019C-2324-2307-8F8E-B4BB3144B22A}.Release|Any CPU.Build.0 = Release|Any CPU
		{844BDAD9-7AEA-FA5A-7908-4BCF793B7D23}.Debug|Any CPU.ActiveCfg = Debug|Any CPU
		{844BDAD9-7AEA-FA5A-7908-4BCF793B7D23}.Debug|Any CPU.Build.0 = Debug|Any CPU
		{844BDAD9-7AEA-FA5A-7908-4BCF793B7D23}.Release|Any CPU.ActiveCfg = Release|Any CPU
		{844BDAD9-7AEA-FA5A-7908-4BCF793B7D23}.Release|Any CPU.Build.0 = Release|Any CPU
		{29286CEF-BABE-3D76-D823-9C48A9F2FA29}.Debug|Any CPU.ActiveCfg = Debug|Any CPU
		{29286CEF-BABE-3D76-D823-9C48A9F2FA29}.Debug|Any CPU.Build.0 = Debug|Any CPU
		{29286CEF-BABE-3D76-D823-9C48A9F2FA29}.Release|Any CPU.ActiveCfg = Release|Any CPU
		{29286CEF-BABE-3D76-D823-9C48A9F2FA29}.Release|Any CPU.Build.0 = Release|Any CPU
		{0A16C268-025D-6B59-DC7E-8D2094AD8817}.Debug|Any CPU.ActiveCfg = Debug|Any CPU
		{0A16C268-025D-6B59-DC7E-8D2094AD8817}.Debug|Any CPU.Build.0 = Debug|Any CPU
		{0A16C268-025D-6B59-DC7E-8D2094AD8817}.Release|Any CPU.ActiveCfg = Release|Any CPU
		{0A16C268-025D-6B59-DC7E-8D2094AD8817}.Release|Any CPU.Build.0 = Release|Any CPU
		{0D341226-EF9E-2347-8C71-6908F6B61663}.Debug|Any CPU.ActiveCfg = Debug|Any CPU
		{0D341226-EF9E-2347-8C71-6908F6B61663}.Debug|Any CPU.Build.0 = Debug|Any CPU
		{0D341226-EF9E-2347-8C71-6908F6B61663}.Release|Any CPU.ActiveCfg = Release|Any CPU
		{0D341226-EF9E-2347-8C71-6908F6B61663}.Release|Any CPU.Build.0 = Release|Any CPU
		{05635571-C1A6-637E-7730-0DBE033206E2}.Debug|Any CPU.ActiveCfg = Debug|Any CPU
		{05635571-C1A6-637E-7730-0DBE033206E2}.Debug|Any CPU.Build.0 = Debug|Any CPU
		{05635571-C1A6-637E-7730-0DBE033206E2}.Release|Any CPU.ActiveCfg = Release|Any CPU
		{05635571-C1A6-637E-7730-0DBE033206E2}.Release|Any CPU.Build.0 = Release|Any CPU
		{AB8AF4F7-CECC-F56F-FFEF-0550F919E3C7}.Debug|Any CPU.ActiveCfg = Debug|Any CPU
		{AB8AF4F7-CECC-F56F-FFEF-0550F919E3C7}.Debug|Any CPU.Build.0 = Debug|Any CPU
		{AB8AF4F7-CECC-F56F-FFEF-0550F919E3C7}.Release|Any CPU.ActiveCfg = Release|Any CPU
		{AB8AF4F7-CECC-F56F-FFEF-0550F919E3C7}.Release|Any CPU.Build.0 = Release|Any CPU
		{2353FDFF-D55E-E639-E823-DD8D3B1943D4}.Debug|Any CPU.ActiveCfg = Debug|Any CPU
		{2353FDFF-D55E-E639-E823-DD8D3B1943D4}.Debug|Any CPU.Build.0 = Debug|Any CPU
		{2353FDFF-D55E-E639-E823-DD8D3B1943D4}.Release|Any CPU.ActiveCfg = Release|Any CPU
		{2353FDFF-D55E-E639-E823-DD8D3B1943D4}.Release|Any CPU.Build.0 = Release|Any CPU
		{78F0D761-F922-94EA-E4AA-276F8678A69C}.Debug|Any CPU.ActiveCfg = Debug|Any CPU
		{78F0D761-F922-94EA-E4AA-276F8678A69C}.Debug|Any CPU.Build.0 = Debug|Any CPU
		{78F0D761-F922-94EA-E4AA-276F8678A69C}.Release|Any CPU.ActiveCfg = Release|Any CPU
		{78F0D761-F922-94EA-E4AA-276F8678A69C}.Release|Any CPU.Build.0 = Release|Any CPU
		{1354C06F-6906-E4BB-F6E3-6E1BEF8AEE5E}.Debug|Any CPU.ActiveCfg = Debug|Any CPU
		{1354C06F-6906-E4BB-F6E3-6E1BEF8AEE5E}.Debug|Any CPU.Build.0 = Debug|Any CPU
		{1354C06F-6906-E4BB-F6E3-6E1BEF8AEE5E}.Release|Any CPU.ActiveCfg = Release|Any CPU
		{1354C06F-6906-E4BB-F6E3-6E1BEF8AEE5E}.Release|Any CPU.Build.0 = Release|Any CPU
		{489B2606-3317-4B95-003E-99F8350DDC40}.Debug|Any CPU.ActiveCfg = Debug|Any CPU
		{489B2606-3317-4B95-003E-99F8350DDC40}.Debug|Any CPU.Build.0 = Debug|Any CPU
		{489B2606-3317-4B95-003E-99F8350DDC40}.Release|Any CPU.ActiveCfg = Release|Any CPU
		{489B2606-3317-4B95-003E-99F8350DDC40}.Release|Any CPU.Build.0 = Release|Any CPU
		{E4B46A12-2336-E68A-BD9D-65B32084EF1B}.Debug|Any CPU.ActiveCfg = Debug|Any CPU
		{E4B46A12-2336-E68A-BD9D-65B32084EF1B}.Debug|Any CPU.Build.0 = Debug|Any CPU
		{E4B46A12-2336-E68A-BD9D-65B32084EF1B}.Release|Any CPU.ActiveCfg = Release|Any CPU
		{E4B46A12-2336-E68A-BD9D-65B32084EF1B}.Release|Any CPU.Build.0 = Release|Any CPU
		{4FEE8E5B-BE89-082C-5935-382C2C571BAC}.Debug|Any CPU.ActiveCfg = Debug|Any CPU
		{4FEE8E5B-BE89-082C-5935-382C2C571BAC}.Debug|Any CPU.Build.0 = Debug|Any CPU
		{4FEE8E5B-BE89-082C-5935-382C2C571BAC}.Release|Any CPU.ActiveCfg = Release|Any CPU
		{4FEE8E5B-BE89-082C-5935-382C2C571BAC}.Release|Any CPU.Build.0 = Release|Any CPU
		{1FB76473-1101-EAD0-E6B6-0C560C717F7C}.Debug|Any CPU.ActiveCfg = Debug|Any CPU
		{1FB76473-1101-EAD0-E6B6-0C560C717F7C}.Debug|Any CPU.Build.0 = Debug|Any CPU
		{1FB76473-1101-EAD0-E6B6-0C560C717F7C}.Release|Any CPU.ActiveCfg = Release|Any CPU
		{1FB76473-1101-EAD0-E6B6-0C560C717F7C}.Release|Any CPU.Build.0 = Release|Any CPU
		{C3E34BBE-6767-AA2E-0AF5-ECE44A6DAE2E}.Debug|Any CPU.ActiveCfg = Debug|Any CPU
		{C3E34BBE-6767-AA2E-0AF5-ECE44A6DAE2E}.Debug|Any CPU.Build.0 = Debug|Any CPU
		{C3E34BBE-6767-AA2E-0AF5-ECE44A6DAE2E}.Release|Any CPU.ActiveCfg = Release|Any CPU
		{C3E34BBE-6767-AA2E-0AF5-ECE44A6DAE2E}.Release|Any CPU.Build.0 = Release|Any CPU
		{6229200A-1F3F-960B-0E09-20FBA95DB08D}.Debug|Any CPU.ActiveCfg = Debug|Any CPU
		{6229200A-1F3F-960B-0E09-20FBA95DB08D}.Debug|Any CPU.Build.0 = Debug|Any CPU
		{6229200A-1F3F-960B-0E09-20FBA95DB08D}.Release|Any CPU.ActiveCfg = Release|Any CPU
		{6229200A-1F3F-960B-0E09-20FBA95DB08D}.Release|Any CPU.Build.0 = Release|Any CPU
		{6F1E0BC2-4D3D-0562-28D3-2C7B9E52EA99}.Debug|Any CPU.ActiveCfg = Debug|Any CPU
		{6F1E0BC2-4D3D-0562-28D3-2C7B9E52EA99}.Debug|Any CPU.Build.0 = Debug|Any CPU
		{6F1E0BC2-4D3D-0562-28D3-2C7B9E52EA99}.Release|Any CPU.ActiveCfg = Release|Any CPU
		{6F1E0BC2-4D3D-0562-28D3-2C7B9E52EA99}.Release|Any CPU.Build.0 = Release|Any CPU
		{5DA47D98-8A51-D095-1C5C-4F5F79F610E4}.Debug|Any CPU.ActiveCfg = Debug|Any CPU
		{5DA47D98-8A51-D095-1C5C-4F5F79F610E4}.Debug|Any CPU.Build.0 = Debug|Any CPU
		{5DA47D98-8A51-D095-1C5C-4F5F79F610E4}.Release|Any CPU.ActiveCfg = Release|Any CPU
		{5DA47D98-8A51-D095-1C5C-4F5F79F610E4}.Release|Any CPU.Build.0 = Release|Any CPU
		{C1B9D8DC-196E-3026-9A32-6097D5BDA4BE}.Debug|Any CPU.ActiveCfg = Debug|Any CPU
		{C1B9D8DC-196E-3026-9A32-6097D5BDA4BE}.Debug|Any CPU.Build.0 = Debug|Any CPU
		{C1B9D8DC-196E-3026-9A32-6097D5BDA4BE}.Release|Any CPU.ActiveCfg = Release|Any CPU
		{C1B9D8DC-196E-3026-9A32-6097D5BDA4BE}.Release|Any CPU.Build.0 = Release|Any CPU
		{3FC0B967-EBD5-C308-E862-1BABACAB3EAC}.Debug|Any CPU.ActiveCfg = Debug|Any CPU
		{3FC0B967-EBD5-C308-E862-1BABACAB3EAC}.Debug|Any CPU.Build.0 = Debug|Any CPU
		{3FC0B967-EBD5-C308-E862-1BABACAB3EAC}.Release|Any CPU.ActiveCfg = Release|Any CPU
		{3FC0B967-EBD5-C308-E862-1BABACAB3EAC}.Release|Any CPU.Build.0 = Release|Any CPU
		{860FE51D-AE8F-2E0D-4CB5-DFE4177A55D6}.Debug|Any CPU.ActiveCfg = Debug|Any CPU
		{860FE51D-AE8F-2E0D-4CB5-DFE4177A55D6}.Debug|Any CPU.Build.0 = Debug|Any CPU
		{860FE51D-AE8F-2E0D-4CB5-DFE4177A55D6}.Release|Any CPU.ActiveCfg = Release|Any CPU
		{860FE51D-AE8F-2E0D-4CB5-DFE4177A55D6}.Release|Any CPU.Build.0 = Release|Any CPU
		{5BB100AA-72E7-C054-C1BD-2504082FB010}.Debug|Any CPU.ActiveCfg = Debug|Any CPU
		{5BB100AA-72E7-C054-C1BD-2504082FB010}.Debug|Any CPU.Build.0 = Debug|Any CPU
		{5BB100AA-72E7-C054-C1BD-2504082FB010}.Release|Any CPU.ActiveCfg = Release|Any CPU
		{5BB100AA-72E7-C054-C1BD-2504082FB010}.Release|Any CPU.Build.0 = Release|Any CPU
		{3453F1E5-AC6C-F460-9737-B9A8AB8CC67A}.Debug|Any CPU.ActiveCfg = Debug|Any CPU
		{3453F1E5-AC6C-F460-9737-B9A8AB8CC67A}.Debug|Any CPU.Build.0 = Debug|Any CPU
		{3453F1E5-AC6C-F460-9737-B9A8AB8CC67A}.Release|Any CPU.ActiveCfg = Release|Any CPU
		{3453F1E5-AC6C-F460-9737-B9A8AB8CC67A}.Release|Any CPU.Build.0 = Release|Any CPU
		{842ACD40-EAD7-8D84-31BB-CCFE513C64B7}.Debug|Any CPU.ActiveCfg = Debug|Any CPU
		{842ACD40-EAD7-8D84-31BB-CCFE513C64B7}.Debug|Any CPU.Build.0 = Debug|Any CPU
		{842ACD40-EAD7-8D84-31BB-CCFE513C64B7}.Release|Any CPU.ActiveCfg = Release|Any CPU
		{842ACD40-EAD7-8D84-31BB-CCFE513C64B7}.Release|Any CPU.Build.0 = Release|Any CPU
		{32E19478-13DD-2D96-2F0C-3068FC3D272B}.Debug|Any CPU.ActiveCfg = Debug|Any CPU
		{32E19478-13DD-2D96-2F0C-3068FC3D272B}.Debug|Any CPU.Build.0 = Debug|Any CPU
		{32E19478-13DD-2D96-2F0C-3068FC3D272B}.Release|Any CPU.ActiveCfg = Release|Any CPU
		{32E19478-13DD-2D96-2F0C-3068FC3D272B}.Release|Any CPU.Build.0 = Release|Any CPU
		{FB66D786-6170-7C11-4EB5-273523D22337}.Debug|Any CPU.ActiveCfg = Debug|Any CPU
		{FB66D786-6170-7C11-4EB5-273523D22337}.Debug|Any CPU.Build.0 = Debug|Any CPU
		{FB66D786-6170-7C11-4EB5-273523D22337}.Release|Any CPU.ActiveCfg = Release|Any CPU
		{FB66D786-6170-7C11-4EB5-273523D22337}.Release|Any CPU.Build.0 = Release|Any CPU
		{0591CF05-9F9C-BCF3-1D75-6BEB1A9D76A8}.Debug|Any CPU.ActiveCfg = Debug|Any CPU
		{0591CF05-9F9C-BCF3-1D75-6BEB1A9D76A8}.Debug|Any CPU.Build.0 = Debug|Any CPU
		{0591CF05-9F9C-BCF3-1D75-6BEB1A9D76A8}.Release|Any CPU.ActiveCfg = Release|Any CPU
		{0591CF05-9F9C-BCF3-1D75-6BEB1A9D76A8}.Release|Any CPU.Build.0 = Release|Any CPU
		{3AA00A73-4C46-E915-ED7C-DC86064DBDC9}.Debug|Any CPU.ActiveCfg = Debug|Any CPU
		{3AA00A73-4C46-E915-ED7C-DC86064DBDC9}.Debug|Any CPU.Build.0 = Debug|Any CPU
		{3AA00A73-4C46-E915-ED7C-DC86064DBDC9}.Release|Any CPU.ActiveCfg = Release|Any CPU
		{3AA00A73-4C46-E915-ED7C-DC86064DBDC9}.Release|Any CPU.Build.0 = Release|Any CPU
		{562DF92E-933A-AD1E-F4AE-39A756934060}.Debug|Any CPU.ActiveCfg = Debug|Any CPU
		{562DF92E-933A-AD1E-F4AE-39A756934060}.Debug|Any CPU.Build.0 = Debug|Any CPU
		{562DF92E-933A-AD1E-F4AE-39A756934060}.Release|Any CPU.ActiveCfg = Release|Any CPU
		{562DF92E-933A-AD1E-F4AE-39A756934060}.Release|Any CPU.Build.0 = Release|Any CPU
		{B0D63E4B-9CBA-66B3-04B0-4E3414A46CED}.Debug|Any CPU.ActiveCfg = Debug|Any CPU
		{B0D63E4B-9CBA-66B3-04B0-4E3414A46CED}.Debug|Any CPU.Build.0 = Debug|Any CPU
		{B0D63E4B-9CBA-66B3-04B0-4E3414A46CED}.Release|Any CPU.ActiveCfg = Release|Any CPU
		{B0D63E4B-9CBA-66B3-04B0-4E3414A46CED}.Release|Any CPU.Build.0 = Release|Any CPU
		{2E0A9461-9F5D-D7B2-8178-FA302C5B4CA1}.Debug|Any CPU.ActiveCfg = Debug|Any CPU
		{2E0A9461-9F5D-D7B2-8178-FA302C5B4CA1}.Debug|Any CPU.Build.0 = Debug|Any CPU
		{2E0A9461-9F5D-D7B2-8178-FA302C5B4CA1}.Release|Any CPU.ActiveCfg = Release|Any CPU
		{2E0A9461-9F5D-D7B2-8178-FA302C5B4CA1}.Release|Any CPU.Build.0 = Release|Any CPU
		{43913585-A5DA-093C-8FB1-6C6D5233BD1C}.Debug|Any CPU.ActiveCfg = Debug|Any CPU
		{43913585-A5DA-093C-8FB1-6C6D5233BD1C}.Debug|Any CPU.Build.0 = Debug|Any CPU
		{43913585-A5DA-093C-8FB1-6C6D5233BD1C}.Release|Any CPU.ActiveCfg = Release|Any CPU
		{43913585-A5DA-093C-8FB1-6C6D5233BD1C}.Release|Any CPU.Build.0 = Release|Any CPU
		{22960539-5F63-73E7-55B1-17D200EB25C6}.Debug|Any CPU.ActiveCfg = Debug|Any CPU
		{22960539-5F63-73E7-55B1-17D200EB25C6}.Debug|Any CPU.Build.0 = Debug|Any CPU
		{22960539-5F63-73E7-55B1-17D200EB25C6}.Release|Any CPU.ActiveCfg = Release|Any CPU
		{22960539-5F63-73E7-55B1-17D200EB25C6}.Release|Any CPU.Build.0 = Release|Any CPU
		{71C53B2E-4385-E7DA-AE7C-11C9ECD7E178}.Debug|Any CPU.ActiveCfg = Debug|Any CPU
		{71C53B2E-4385-E7DA-AE7C-11C9ECD7E178}.Debug|Any CPU.Build.0 = Debug|Any CPU
		{71C53B2E-4385-E7DA-AE7C-11C9ECD7E178}.Release|Any CPU.ActiveCfg = Release|Any CPU
		{71C53B2E-4385-E7DA-AE7C-11C9ECD7E178}.Release|Any CPU.Build.0 = Release|Any CPU
		{0246A333-EAB4-30AB-9170-F0B452CE6D4F}.Debug|Any CPU.ActiveCfg = Debug|Any CPU
		{0246A333-EAB4-30AB-9170-F0B452CE6D4F}.Debug|Any CPU.Build.0 = Debug|Any CPU
		{0246A333-EAB4-30AB-9170-F0B452CE6D4F}.Release|Any CPU.ActiveCfg = Release|Any CPU
		{0246A333-EAB4-30AB-9170-F0B452CE6D4F}.Release|Any CPU.Build.0 = Release|Any CPU
		{14B70701-1986-270A-C0FE-74FB57C10305}.Debug|Any CPU.ActiveCfg = Debug|Any CPU
		{14B70701-1986-270A-C0FE-74FB57C10305}.Debug|Any CPU.Build.0 = Debug|Any CPU
		{14B70701-1986-270A-C0FE-74FB57C10305}.Release|Any CPU.ActiveCfg = Release|Any CPU
		{14B70701-1986-270A-C0FE-74FB57C10305}.Release|Any CPU.Build.0 = Release|Any CPU
		{E676A883-4BF6-7A2A-FADA-B2C81BB5C4CF}.Debug|Any CPU.ActiveCfg = Debug|Any CPU
		{E676A883-4BF6-7A2A-FADA-B2C81BB5C4CF}.Debug|Any CPU.Build.0 = Debug|Any CPU
		{E676A883-4BF6-7A2A-FADA-B2C81BB5C4CF}.Release|Any CPU.ActiveCfg = Release|Any CPU
		{E676A883-4BF6-7A2A-FADA-B2C81BB5C4CF}.Release|Any CPU.Build.0 = Release|Any CPU
		{135D5940-0FA3-8AAE-976A-47572420B346}.Debug|Any CPU.ActiveCfg = Debug|Any CPU
		{135D5940-0FA3-8AAE-976A-47572420B346}.Debug|Any CPU.Build.0 = Debug|Any CPU
		{135D5940-0FA3-8AAE-976A-47572420B346}.Release|Any CPU.ActiveCfg = Release|Any CPU
		{135D5940-0FA3-8AAE-976A-47572420B346}.Release|Any CPU.Build.0 = Release|Any CPU
		{F3A6AB6D-0F36-5F55-C19B-8675386370B8}.Debug|Any CPU.ActiveCfg = Debug|Any CPU
		{F3A6AB6D-0F36-5F55-C19B-8675386370B8}.Debug|Any CPU.Build.0 = Debug|Any CPU
		{F3A6AB6D-0F36-5F55-C19B-8675386370B8}.Release|Any CPU.ActiveCfg = Release|Any CPU
		{F3A6AB6D-0F36-5F55-C19B-8675386370B8}.Release|Any CPU.Build.0 = Release|Any CPU
		{107A4E8E-3B4C-1B50-DC87-9D2D83C208BC}.Debug|Any CPU.ActiveCfg = Debug|Any CPU
		{107A4E8E-3B4C-1B50-DC87-9D2D83C208BC}.Debug|Any CPU.Build.0 = Debug|Any CPU
		{107A4E8E-3B4C-1B50-DC87-9D2D83C208BC}.Release|Any CPU.ActiveCfg = Release|Any CPU
		{107A4E8E-3B4C-1B50-DC87-9D2D83C208BC}.Release|Any CPU.Build.0 = Release|Any CPU
		{DA1FF859-B36F-4A04-D200-86ECA1C19A24}.Debug|Any CPU.ActiveCfg = Debug|Any CPU
		{DA1FF859-B36F-4A04-D200-86ECA1C19A24}.Debug|Any CPU.Build.0 = Debug|Any CPU
		{DA1FF859-B36F-4A04-D200-86ECA1C19A24}.Release|Any CPU.ActiveCfg = Release|Any CPU
		{DA1FF859-B36F-4A04-D200-86ECA1C19A24}.Release|Any CPU.Build.0 = Release|Any CPU
		{28B260DE-F44B-514F-C261-AD017C932592}.Debug|Any CPU.ActiveCfg = Debug|Any CPU
		{28B260DE-F44B-514F-C261-AD017C932592}.Debug|Any CPU.Build.0 = Debug|Any CPU
		{28B260DE-F44B-514F-C261-AD017C932592}.Release|Any CPU.ActiveCfg = Release|Any CPU
		{28B260DE-F44B-514F-C261-AD017C932592}.Release|Any CPU.Build.0 = Release|Any CPU
		{19E6D661-E227-6896-E7CE-F4D9A75B1E86}.Debug|Any CPU.ActiveCfg = Debug|Any CPU
		{19E6D661-E227-6896-E7CE-F4D9A75B1E86}.Debug|Any CPU.Build.0 = Debug|Any CPU
		{19E6D661-E227-6896-E7CE-F4D9A75B1E86}.Release|Any CPU.ActiveCfg = Release|Any CPU
		{19E6D661-E227-6896-E7CE-F4D9A75B1E86}.Release|Any CPU.Build.0 = Release|Any CPU
		{27AF20C0-3E0E-73C7-0E52-4297D268CAFE}.Debug|Any CPU.ActiveCfg = Debug|Any CPU
		{27AF20C0-3E0E-73C7-0E52-4297D268CAFE}.Debug|Any CPU.Build.0 = Debug|Any CPU
		{27AF20C0-3E0E-73C7-0E52-4297D268CAFE}.Release|Any CPU.ActiveCfg = Release|Any CPU
		{27AF20C0-3E0E-73C7-0E52-4297D268CAFE}.Release|Any CPU.Build.0 = Release|Any CPU
		{B85D314F-E701-3265-51B0-FAE7CAE6A7A9}.Debug|Any CPU.ActiveCfg = Debug|Any CPU
		{B85D314F-E701-3265-51B0-FAE7CAE6A7A9}.Debug|Any CPU.Build.0 = Debug|Any CPU
		{B85D314F-E701-3265-51B0-FAE7CAE6A7A9}.Release|Any CPU.ActiveCfg = Release|Any CPU
		{B85D314F-E701-3265-51B0-FAE7CAE6A7A9}.Release|Any CPU.Build.0 = Release|Any CPU
		{C0AD2DEF-702B-7DAE-A584-20FA38DDF607}.Debug|Any CPU.ActiveCfg = Debug|Any CPU
		{C0AD2DEF-702B-7DAE-A584-20FA38DDF607}.Debug|Any CPU.Build.0 = Debug|Any CPU
		{C0AD2DEF-702B-7DAE-A584-20FA38DDF607}.Release|Any CPU.ActiveCfg = Release|Any CPU
		{C0AD2DEF-702B-7DAE-A584-20FA38DDF607}.Release|Any CPU.Build.0 = Release|Any CPU
		{0DD76463-B203-E967-54D0-F812EB5E525D}.Debug|Any CPU.ActiveCfg = Debug|Any CPU
		{0DD76463-B203-E967-54D0-F812EB5E525D}.Debug|Any CPU.Build.0 = Debug|Any CPU
		{0DD76463-B203-E967-54D0-F812EB5E525D}.Release|Any CPU.ActiveCfg = Release|Any CPU
		{0DD76463-B203-E967-54D0-F812EB5E525D}.Release|Any CPU.Build.0 = Release|Any CPU
		{B4F7CBED-8CFB-227C-6957-97EDE9F40D20}.Debug|Any CPU.ActiveCfg = Debug|Any CPU
		{B4F7CBED-8CFB-227C-6957-97EDE9F40D20}.Debug|Any CPU.Build.0 = Debug|Any CPU
		{B4F7CBED-8CFB-227C-6957-97EDE9F40D20}.Release|Any CPU.ActiveCfg = Release|Any CPU
		{B4F7CBED-8CFB-227C-6957-97EDE9F40D20}.Release|Any CPU.Build.0 = Release|Any CPU
		{54267006-79C2-1D21-F807-45612BC010BB}.Debug|Any CPU.ActiveCfg = Debug|Any CPU
		{54267006-79C2-1D21-F807-45612BC010BB}.Debug|Any CPU.Build.0 = Debug|Any CPU
		{54267006-79C2-1D21-F807-45612BC010BB}.Release|Any CPU.ActiveCfg = Release|Any CPU
		{54267006-79C2-1D21-F807-45612BC010BB}.Release|Any CPU.Build.0 = Release|Any CPU
		{BDE4C0E2-9E19-EC72-02C6-09C62008520E}.Debug|Any CPU.ActiveCfg = Debug|Any CPU
		{BDE4C0E2-9E19-EC72-02C6-09C62008520E}.Debug|Any CPU.Build.0 = Debug|Any CPU
		{BDE4C0E2-9E19-EC72-02C6-09C62008520E}.Release|Any CPU.ActiveCfg = Release|Any CPU
		{BDE4C0E2-9E19-EC72-02C6-09C62008520E}.Release|Any CPU.Build.0 = Release|Any CPU
		{0D69B210-43DD-A42A-E1BC-937AA58423DA}.Debug|Any CPU.ActiveCfg = Debug|Any CPU
		{0D69B210-43DD-A42A-E1BC-937AA58423DA}.Debug|Any CPU.Build.0 = Debug|Any CPU
		{0D69B210-43DD-A42A-E1BC-937AA58423DA}.Release|Any CPU.ActiveCfg = Release|Any CPU
		{0D69B210-43DD-A42A-E1BC-937AA58423DA}.Release|Any CPU.Build.0 = Release|Any CPU
		{9F7D6720-0934-10D3-B1B7-8126C3A1CCDF}.Debug|Any CPU.ActiveCfg = Debug|Any CPU
		{9F7D6720-0934-10D3-B1B7-8126C3A1CCDF}.Debug|Any CPU.Build.0 = Debug|Any CPU
		{9F7D6720-0934-10D3-B1B7-8126C3A1CCDF}.Release|Any CPU.ActiveCfg = Release|Any CPU
		{9F7D6720-0934-10D3-B1B7-8126C3A1CCDF}.Release|Any CPU.Build.0 = Release|Any CPU
		{948E3778-246A-4489-A6F3-55D992AFFC4B}.Debug|Any CPU.ActiveCfg = Debug|Any CPU
		{948E3778-246A-4489-A6F3-55D992AFFC4B}.Debug|Any CPU.Build.0 = Debug|Any CPU
		{948E3778-246A-4489-A6F3-55D992AFFC4B}.Release|Any CPU.ActiveCfg = Release|Any CPU
		{948E3778-246A-4489-A6F3-55D992AFFC4B}.Release|Any CPU.Build.0 = Release|Any CPU
		{68F22975-F64C-3346-899A-0F9DA5A8A2A6}.Debug|Any CPU.ActiveCfg = Debug|Any CPU
		{68F22975-F64C-3346-899A-0F9DA5A8A2A6}.Debug|Any CPU.Build.0 = Debug|Any CPU
		{68F22975-F64C-3346-899A-0F9DA5A8A2A6}.Release|Any CPU.ActiveCfg = Release|Any CPU
		{68F22975-F64C-3346-899A-0F9DA5A8A2A6}.Release|Any CPU.Build.0 = Release|Any CPU
		{E19DE8CF-D157-7F06-6BC5-BC804C66175A}.Debug|Any CPU.ActiveCfg = Debug|Any CPU
		{E19DE8CF-D157-7F06-6BC5-BC804C66175A}.Debug|Any CPU.Build.0 = Debug|Any CPU
		{E19DE8CF-D157-7F06-6BC5-BC804C66175A}.Release|Any CPU.ActiveCfg = Release|Any CPU
		{E19DE8CF-D157-7F06-6BC5-BC804C66175A}.Release|Any CPU.Build.0 = Release|Any CPU
		{812E97A2-CB3A-EE8C-841A-B59AD9F8EBA7}.Debug|Any CPU.ActiveCfg = Debug|Any CPU
		{812E97A2-CB3A-EE8C-841A-B59AD9F8EBA7}.Debug|Any CPU.Build.0 = Debug|Any CPU
		{812E97A2-CB3A-EE8C-841A-B59AD9F8EBA7}.Release|Any CPU.ActiveCfg = Release|Any CPU
		{812E97A2-CB3A-EE8C-841A-B59AD9F8EBA7}.Release|Any CPU.Build.0 = Release|Any CPU
		{11B84F7A-1387-2B2E-02F7-A918207251CA}.Debug|Any CPU.ActiveCfg = Debug|Any CPU
		{11B84F7A-1387-2B2E-02F7-A918207251CA}.Debug|Any CPU.Build.0 = Debug|Any CPU
		{11B84F7A-1387-2B2E-02F7-A918207251CA}.Release|Any CPU.ActiveCfg = Release|Any CPU
		{11B84F7A-1387-2B2E-02F7-A918207251CA}.Release|Any CPU.Build.0 = Release|Any CPU
		{A8AC47B9-12EC-05E0-D381-F1DD38DC76F5}.Debug|Any CPU.ActiveCfg = Debug|Any CPU
		{A8AC47B9-12EC-05E0-D381-F1DD38DC76F5}.Debug|Any CPU.Build.0 = Debug|Any CPU
		{A8AC47B9-12EC-05E0-D381-F1DD38DC76F5}.Release|Any CPU.ActiveCfg = Release|Any CPU
		{A8AC47B9-12EC-05E0-D381-F1DD38DC76F5}.Release|Any CPU.Build.0 = Release|Any CPU
		{ACEC4733-8D80-DDFA-5E4D-9808141849F8}.Debug|Any CPU.ActiveCfg = Debug|Any CPU
		{ACEC4733-8D80-DDFA-5E4D-9808141849F8}.Debug|Any CPU.Build.0 = Debug|Any CPU
		{ACEC4733-8D80-DDFA-5E4D-9808141849F8}.Release|Any CPU.ActiveCfg = Release|Any CPU
		{ACEC4733-8D80-DDFA-5E4D-9808141849F8}.Release|Any CPU.Build.0 = Release|Any CPU
		{A75812A1-163B-AA3A-AE97-65AFD46482FA}.Debug|Any CPU.ActiveCfg = Debug|Any CPU
		{A75812A1-163B-AA3A-AE97-65AFD46482FA}.Debug|Any CPU.Build.0 = Debug|Any CPU
		{A75812A1-163B-AA3A-AE97-65AFD46482FA}.Release|Any CPU.ActiveCfg = Release|Any CPU
		{A75812A1-163B-AA3A-AE97-65AFD46482FA}.Release|Any CPU.Build.0 = Release|Any CPU
		{B64FD62A-000B-B17E-E4A7-63793BBB0D10}.Debug|Any CPU.ActiveCfg = Debug|Any CPU
		{B64FD62A-000B-B17E-E4A7-63793BBB0D10}.Debug|Any CPU.Build.0 = Debug|Any CPU
		{B64FD62A-000B-B17E-E4A7-63793BBB0D10}.Release|Any CPU.ActiveCfg = Release|Any CPU
		{B64FD62A-000B-B17E-E4A7-63793BBB0D10}.Release|Any CPU.Build.0 = Release|Any CPU
		{AE4CADE2-0678-33F6-4DAA-54B92E9C107C}.Debug|Any CPU.ActiveCfg = Debug|Any CPU
		{AE4CADE2-0678-33F6-4DAA-54B92E9C107C}.Debug|Any CPU.Build.0 = Debug|Any CPU
		{AE4CADE2-0678-33F6-4DAA-54B92E9C107C}.Release|Any CPU.ActiveCfg = Release|Any CPU
		{AE4CADE2-0678-33F6-4DAA-54B92E9C107C}.Release|Any CPU.Build.0 = Release|Any CPU
		{BF920A9E-2E69-87D2-FAEC-419D92216213}.Debug|Any CPU.ActiveCfg = Debug|Any CPU
		{BF920A9E-2E69-87D2-FAEC-419D92216213}.Debug|Any CPU.Build.0 = Debug|Any CPU
		{BF920A9E-2E69-87D2-FAEC-419D92216213}.Release|Any CPU.ActiveCfg = Release|Any CPU
		{BF920A9E-2E69-87D2-FAEC-419D92216213}.Release|Any CPU.Build.0 = Release|Any CPU
		{068D6D40-16F9-9245-0A86-991BDDC04F86}.Debug|Any CPU.ActiveCfg = Debug|Any CPU
		{068D6D40-16F9-9245-0A86-991BDDC04F86}.Debug|Any CPU.Build.0 = Debug|Any CPU
		{068D6D40-16F9-9245-0A86-991BDDC04F86}.Release|Any CPU.ActiveCfg = Release|Any CPU
		{068D6D40-16F9-9245-0A86-991BDDC04F86}.Release|Any CPU.Build.0 = Release|Any CPU
		{1D86D27D-1B2A-9FCC-AF18-5847125F7284}.Debug|Any CPU.ActiveCfg = Debug|Any CPU
		{1D86D27D-1B2A-9FCC-AF18-5847125F7284}.Debug|Any CPU.Build.0 = Debug|Any CPU
		{1D86D27D-1B2A-9FCC-AF18-5847125F7284}.Release|Any CPU.ActiveCfg = Release|Any CPU
		{1D86D27D-1B2A-9FCC-AF18-5847125F7284}.Release|Any CPU.Build.0 = Release|Any CPU
		{954F9BE8-011D-5739-0A44-686EE343C895}.Debug|Any CPU.ActiveCfg = Debug|Any CPU
		{954F9BE8-011D-5739-0A44-686EE343C895}.Debug|Any CPU.Build.0 = Debug|Any CPU
		{954F9BE8-011D-5739-0A44-686EE343C895}.Release|Any CPU.ActiveCfg = Release|Any CPU
		{954F9BE8-011D-5739-0A44-686EE343C895}.Release|Any CPU.Build.0 = Release|Any CPU
		{9B41D504-62C2-4D4E-445D-ACA1EA0E068C}.Debug|Any CPU.ActiveCfg = Debug|Any CPU
		{9B41D504-62C2-4D4E-445D-ACA1EA0E068C}.Debug|Any CPU.Build.0 = Debug|Any CPU
		{9B41D504-62C2-4D4E-445D-ACA1EA0E068C}.Release|Any CPU.ActiveCfg = Release|Any CPU
		{9B41D504-62C2-4D4E-445D-ACA1EA0E068C}.Release|Any CPU.Build.0 = Release|Any CPU
		{FEEEA3CB-E55A-5AE8-11D8-1BD62CB6DBD5}.Debug|Any CPU.ActiveCfg = Debug|Any CPU
		{FEEEA3CB-E55A-5AE8-11D8-1BD62CB6DBD5}.Debug|Any CPU.Build.0 = Debug|Any CPU
		{FEEEA3CB-E55A-5AE8-11D8-1BD62CB6DBD5}.Release|Any CPU.ActiveCfg = Release|Any CPU
		{FEEEA3CB-E55A-5AE8-11D8-1BD62CB6DBD5}.Release|Any CPU.Build.0 = Release|Any CPU
		{15887A35-3193-3765-83C1-680E594C7694}.Debug|Any CPU.ActiveCfg = Debug|Any CPU
		{15887A35-3193-3765-83C1-680E594C7694}.Debug|Any CPU.Build.0 = Debug|Any CPU
		{15887A35-3193-3765-83C1-680E594C7694}.Release|Any CPU.ActiveCfg = Release|Any CPU
		{15887A35-3193-3765-83C1-680E594C7694}.Release|Any CPU.Build.0 = Release|Any CPU
		{29429F58-91F0-6978-6BEC-811FEA54CDE6}.Debug|Any CPU.ActiveCfg = Debug|Any CPU
		{29429F58-91F0-6978-6BEC-811FEA54CDE6}.Debug|Any CPU.Build.0 = Debug|Any CPU
		{29429F58-91F0-6978-6BEC-811FEA54CDE6}.Release|Any CPU.ActiveCfg = Release|Any CPU
		{29429F58-91F0-6978-6BEC-811FEA54CDE6}.Release|Any CPU.Build.0 = Release|Any CPU
		{8A4C966F-85B3-D8F5-4412-AE9B66564080}.Debug|Any CPU.ActiveCfg = Debug|Any CPU
		{8A4C966F-85B3-D8F5-4412-AE9B66564080}.Debug|Any CPU.Build.0 = Debug|Any CPU
		{8A4C966F-85B3-D8F5-4412-AE9B66564080}.Release|Any CPU.ActiveCfg = Release|Any CPU
		{8A4C966F-85B3-D8F5-4412-AE9B66564080}.Release|Any CPU.Build.0 = Release|Any CPU
		{F04AADE5-2A55-10DB-CDAB-3C63FD5584A8}.Debug|Any CPU.ActiveCfg = Debug|Any CPU
		{F04AADE5-2A55-10DB-CDAB-3C63FD5584A8}.Debug|Any CPU.Build.0 = Debug|Any CPU
		{F04AADE5-2A55-10DB-CDAB-3C63FD5584A8}.Release|Any CPU.ActiveCfg = Release|Any CPU
		{F04AADE5-2A55-10DB-CDAB-3C63FD5584A8}.Release|Any CPU.Build.0 = Release|Any CPU
		{575C1DAC-3FB4-D5D9-B444-7DD61ED9AAA7}.Debug|Any CPU.ActiveCfg = Debug|Any CPU
		{575C1DAC-3FB4-D5D9-B444-7DD61ED9AAA7}.Debug|Any CPU.Build.0 = Debug|Any CPU
		{575C1DAC-3FB4-D5D9-B444-7DD61ED9AAA7}.Release|Any CPU.ActiveCfg = Release|Any CPU
		{575C1DAC-3FB4-D5D9-B444-7DD61ED9AAA7}.Release|Any CPU.Build.0 = Release|Any CPU
		{88B43C22-8626-9C57-0A96-2C02EAEB89C9}.Debug|Any CPU.ActiveCfg = Debug|Any CPU
		{88B43C22-8626-9C57-0A96-2C02EAEB89C9}.Debug|Any CPU.Build.0 = Debug|Any CPU
		{88B43C22-8626-9C57-0A96-2C02EAEB89C9}.Release|Any CPU.ActiveCfg = Release|Any CPU
		{88B43C22-8626-9C57-0A96-2C02EAEB89C9}.Release|Any CPU.Build.0 = Release|Any CPU
		{C83F5651-A16B-70DE-4D58-BEEE1FC83264}.Debug|Any CPU.ActiveCfg = Debug|Any CPU
		{C83F5651-A16B-70DE-4D58-BEEE1FC83264}.Debug|Any CPU.Build.0 = Debug|Any CPU
		{C83F5651-A16B-70DE-4D58-BEEE1FC83264}.Release|Any CPU.ActiveCfg = Release|Any CPU
		{C83F5651-A16B-70DE-4D58-BEEE1FC83264}.Release|Any CPU.Build.0 = Release|Any CPU
		{77D31832-AE5F-6C42-3269-98971B22110E}.Debug|Any CPU.ActiveCfg = Debug|Any CPU
		{77D31832-AE5F-6C42-3269-98971B22110E}.Debug|Any CPU.Build.0 = Debug|Any CPU
		{77D31832-AE5F-6C42-3269-98971B22110E}.Release|Any CPU.ActiveCfg = Release|Any CPU
		{77D31832-AE5F-6C42-3269-98971B22110E}.Release|Any CPU.Build.0 = Release|Any CPU
		{422F7BA3-A82D-B2E2-5953-9422815788E2}.Debug|Any CPU.ActiveCfg = Debug|Any CPU
		{422F7BA3-A82D-B2E2-5953-9422815788E2}.Debug|Any CPU.Build.0 = Debug|Any CPU
		{422F7BA3-A82D-B2E2-5953-9422815788E2}.Release|Any CPU.ActiveCfg = Release|Any CPU
		{422F7BA3-A82D-B2E2-5953-9422815788E2}.Release|Any CPU.Build.0 = Release|Any CPU
		{72D5708B-FE84-660C-E2FB-D955574AE2C9}.Debug|Any CPU.ActiveCfg = Debug|Any CPU
		{72D5708B-FE84-660C-E2FB-D955574AE2C9}.Debug|Any CPU.Build.0 = Debug|Any CPU
		{72D5708B-FE84-660C-E2FB-D955574AE2C9}.Release|Any CPU.ActiveCfg = Release|Any CPU
		{72D5708B-FE84-660C-E2FB-D955574AE2C9}.Release|Any CPU.Build.0 = Release|Any CPU
		{AF2E0458-27F0-8CA6-94D1-9348000185D2}.Debug|Any CPU.ActiveCfg = Debug|Any CPU
		{AF2E0458-27F0-8CA6-94D1-9348000185D2}.Debug|Any CPU.Build.0 = Debug|Any CPU
		{AF2E0458-27F0-8CA6-94D1-9348000185D2}.Release|Any CPU.ActiveCfg = Release|Any CPU
		{AF2E0458-27F0-8CA6-94D1-9348000185D2}.Release|Any CPU.Build.0 = Release|Any CPU
		{3589B5AF-8041-A350-2D5A-3EDB385F1260}.Debug|Any CPU.ActiveCfg = Debug|Any CPU
		{3589B5AF-8041-A350-2D5A-3EDB385F1260}.Debug|Any CPU.Build.0 = Debug|Any CPU
		{3589B5AF-8041-A350-2D5A-3EDB385F1260}.Release|Any CPU.ActiveCfg = Release|Any CPU
		{3589B5AF-8041-A350-2D5A-3EDB385F1260}.Release|Any CPU.Build.0 = Release|Any CPU
		{16E5F7B8-8493-69C0-F605-87CEC58F4926}.Debug|Any CPU.ActiveCfg = Debug|Any CPU
		{16E5F7B8-8493-69C0-F605-87CEC58F4926}.Debug|Any CPU.Build.0 = Debug|Any CPU
		{16E5F7B8-8493-69C0-F605-87CEC58F4926}.Release|Any CPU.ActiveCfg = Release|Any CPU
		{16E5F7B8-8493-69C0-F605-87CEC58F4926}.Release|Any CPU.Build.0 = Release|Any CPU
		{F6DDEBED-2DE4-D22A-CBA8-746822C76525}.Debug|Any CPU.ActiveCfg = Debug|Any CPU
		{F6DDEBED-2DE4-D22A-CBA8-746822C76525}.Debug|Any CPU.Build.0 = Debug|Any CPU
		{F6DDEBED-2DE4-D22A-CBA8-746822C76525}.Release|Any CPU.ActiveCfg = Release|Any CPU
		{F6DDEBED-2DE4-D22A-CBA8-746822C76525}.Release|Any CPU.Build.0 = Release|Any CPU
		{A6D8CE43-7A62-B477-5850-9CC360D5B2C1}.Debug|Any CPU.ActiveCfg = Debug|Any CPU
		{A6D8CE43-7A62-B477-5850-9CC360D5B2C1}.Debug|Any CPU.Build.0 = Debug|Any CPU
		{A6D8CE43-7A62-B477-5850-9CC360D5B2C1}.Release|Any CPU.ActiveCfg = Release|Any CPU
		{A6D8CE43-7A62-B477-5850-9CC360D5B2C1}.Release|Any CPU.Build.0 = Release|Any CPU
	EndGlobalSection
	GlobalSection(SolutionProperties) = preSolution
		HideSolutionNode = FALSE
	EndGlobalSection
EndGlobal
